
Microsoft Visual Studio Solution File, Format Version 12.00
# Visual Studio Version 16
VisualStudioVersion = 16.0.30011.22
MinimumVisualStudioVersion = 10.0.40219.1
Project("{FAE04EC0-301F-11D3-BF4B-00C04F79EFBC}") = "SBMDataManager", "SBMDataManager\SBMDataManager.csproj", "{EFE1F100-B8A1-4659-B3FD-66BB5A03242C}"
EndProject
Project("{00D1A9C2-B5F0-4AF3-8072-F6C62B433612}") = "SBMData", "SBMData\SBMData.sqlproj", "{BCBF8109-743E-48F4-89A7-6F5FD6C8287B}"
EndProject
Project("{FAE04EC0-301F-11D3-BF4B-00C04F79EFBC}") = "SBMDesktopUI", "SBMDesktopUI\SBMDesktopUI.csproj", "{4AE24500-E2C8-4425-B49C-C7CFCCEE4406}"
EndProject
Global
	GlobalSection(SolutionConfigurationPlatforms) = preSolution
		Debug|Any CPU = Debug|Any CPU
		Release|Any CPU = Release|Any CPU
	EndGlobalSection
	GlobalSection(ProjectConfigurationPlatforms) = postSolution
		{EFE1F100-B8A1-4659-B3FD-66BB5A03242C}.Debug|Any CPU.ActiveCfg = Debug|Any CPU
		{EFE1F100-B8A1-4659-B3FD-66BB5A03242C}.Debug|Any CPU.Build.0 = Debug|Any CPU
		{EFE1F100-B8A1-4659-B3FD-66BB5A03242C}.Release|Any CPU.ActiveCfg = Release|Any CPU
		{EFE1F100-B8A1-4659-B3FD-66BB5A03242C}.Release|Any CPU.Build.0 = Release|Any CPU
		{BCBF8109-743E-48F4-89A7-6F5FD6C8287B}.Debug|Any CPU.ActiveCfg = Debug|Any CPU
		{BCBF8109-743E-48F4-89A7-6F5FD6C8287B}.Debug|Any CPU.Build.0 = Debug|Any CPU
		{BCBF8109-743E-48F4-89A7-6F5FD6C8287B}.Debug|Any CPU.Deploy.0 = Debug|Any CPU
		{BCBF8109-743E-48F4-89A7-6F5FD6C8287B}.Release|Any CPU.ActiveCfg = Release|Any CPU
		{BCBF8109-743E-48F4-89A7-6F5FD6C8287B}.Release|Any CPU.Build.0 = Release|Any CPU
		{BCBF8109-743E-48F4-89A7-6F5FD6C8287B}.Release|Any CPU.Deploy.0 = Release|Any CPU
		{4AE24500-E2C8-4425-B49C-C7CFCCEE4406}.Debug|Any CPU.ActiveCfg = Debug|Any CPU
		{4AE24500-E2C8-4425-B49C-C7CFCCEE4406}.Debug|Any CPU.Build.0 = Debug|Any CPU
		{4AE24500-E2C8-4425-B49C-C7CFCCEE4406}.Release|Any CPU.ActiveCfg = Release|Any CPU
		{4AE24500-E2C8-4425-B49C-C7CFCCEE4406}.Release|Any CPU.Build.0 = Release|Any CPU
	EndGlobalSection
	GlobalSection(SolutionProperties) = preSolution
		HideSolutionNode = FALSE
	EndGlobalSection
	GlobalSection(ExtensibilityGlobals) = postSolution
		SolutionGuid = {D201A4D6-E85A-4941-BBE2-44B207B6BA78}
	EndGlobalSection
EndGlobal
